
Microsoft Visual Studio Solution File, Format Version 12.00
# Visual Studio 14
VisualStudioVersion = 14.0.23107.0
MinimumVisualStudioVersion = 10.0.40219.1
Project("{FAE04EC0-301F-11D3-BF4B-00C04F79EFBC}") = "AuthenticationService.Test", "AuthenticationService.Test\AuthenticationService.Test.csproj", "{39718A9C-7091-49CD-B6FF-B052FC2E5914}"
	ProjectSection(ProjectDependencies) = postProject
		{BEAF5AB1-23B0-4C12-929E-D0DCB8201395} = {BEAF5AB1-23B0-4C12-929E-D0DCB8201395}
	EndProjectSection
EndProject
Project("{FAE04EC0-301F-11D3-BF4B-00C04F79EFBC}") = "AuthenticationService", "AuthenticationService\AuthenticationService.csproj", "{BEAF5AB1-23B0-4C12-929E-D0DCB8201395}"
EndProject
Project("{FAE04EC0-301F-11D3-BF4B-00C04F79EFBC}") = "CoursesAndroid", "VNetPhotoManager.Android\CoursesAndroid.csproj", "{04FC8C96-F00F-4370-8452-8F50EB74745E}"
EndProject
Global
	GlobalSection(SolutionConfigurationPlatforms) = preSolution
		Debug|Any CPU = Debug|Any CPU
		Release|Any CPU = Release|Any CPU
	EndGlobalSection
	GlobalSection(ProjectConfigurationPlatforms) = postSolution
		{39718A9C-7091-49CD-B6FF-B052FC2E5914}.Debug|Any CPU.ActiveCfg = Debug|Any CPU
		{39718A9C-7091-49CD-B6FF-B052FC2E5914}.Debug|Any CPU.Build.0 = Debug|Any CPU
		{39718A9C-7091-49CD-B6FF-B052FC2E5914}.Release|Any CPU.ActiveCfg = Release|Any CPU
		{39718A9C-7091-49CD-B6FF-B052FC2E5914}.Release|Any CPU.Build.0 = Release|Any CPU
		{BEAF5AB1-23B0-4C12-929E-D0DCB8201395}.Debug|Any CPU.ActiveCfg = Debug|Any CPU
		{BEAF5AB1-23B0-4C12-929E-D0DCB8201395}.Debug|Any CPU.Build.0 = Debug|Any CPU
		{BEAF5AB1-23B0-4C12-929E-D0DCB8201395}.Release|Any CPU.ActiveCfg = Release|Any CPU
		{BEAF5AB1-23B0-4C12-929E-D0DCB8201395}.Release|Any CPU.Build.0 = Release|Any CPU
		{04FC8C96-F00F-4370-8452-8F50EB74745E}.Debug|Any CPU.ActiveCfg = Debug|Any CPU
		{04FC8C96-F00F-4370-8452-8F50EB74745E}.Debug|Any CPU.Build.0 = Debug|Any CPU
		{04FC8C96-F00F-4370-8452-8F50EB74745E}.Debug|Any CPU.Deploy.0 = Debug|Any CPU
		{04FC8C96-F00F-4370-8452-8F50EB74745E}.Release|Any CPU.ActiveCfg = Release|Any CPU
		{04FC8C96-F00F-4370-8452-8F50EB74745E}.Release|Any CPU.Build.0 = Release|Any CPU
		{04FC8C96-F00F-4370-8452-8F50EB74745E}.Release|Any CPU.Deploy.0 = Release|Any CPU
	EndGlobalSection
	GlobalSection(SolutionProperties) = preSolution
		HideSolutionNode = FALSE
	EndGlobalSection
EndGlobal
